
Microsoft Visual Studio Solution File, Format Version 12.00
Project("{FAE04EC0-301F-11D3-BF4B-00C04F79EFBC}") = "NetCoreAPI.AuthServerAPI", "NetCoreAPI.AuthServerAPI\NetCoreAPI.AuthServerAPI.csproj", "{C7B0946A-E2CC-464A-872D-BD3F70CA1D5F}"
EndProject
Project("{FAE04EC0-301F-11D3-BF4B-00C04F79EFBC}") = "NetCoreAPI.Core", "NetCoreAPI.Core\NetCoreAPI.Core.csproj", "{0070915E-E4D9-4F4D-A51B-88B6A067055C}"
EndProject
Project("{FAE04EC0-301F-11D3-BF4B-00C04F79EFBC}") = "NetCoreAPI.DataAccess", "NetCoreAPI.DataAccess\NetCoreAPI.DataAccess.csproj", "{BEBEB31F-68C0-4A54-80FC-F2ECD9437CAA}"
EndProject
Project("{FAE04EC0-301F-11D3-BF4B-00C04F79EFBC}") = "NetCoreAPI.Service", "NetCoreAPI.Service\NetCoreAPI.Service.csproj", "{1349547F-70A8-43B4-BB96-B26019EDC824}"
EndProject
Project("{FAE04EC0-301F-11D3-BF4B-00C04F79EFBC}") = "NetCoreAPI.FirstMiniApp.API", "NetCoreAPI.FirstMiniApp.API\NetCoreAPI.FirstMiniApp.API.csproj", "{F3A2AE43-592C-4B1D-AFD8-25A35DB1DD7E}"
EndProject
Project("{FAE04EC0-301F-11D3-BF4B-00C04F79EFBC}") = "NetCoreAPI.SecondMiniApp.API", "NetCoreAPI.SecondMiniApp.API\NetCoreAPI.SecondMiniApp.API.csproj", "{5C79DDA7-5F86-4604-A7B1-745B3A648374}"
EndProject
Project("{FAE04EC0-301F-11D3-BF4B-00C04F79EFBC}") = "NetCoreAPI.ThirthMiniApp.API", "NetCoreAPI.ThirthMiniApp.API\NetCoreAPI.ThirthMiniApp.API.csproj", "{3737716E-6CE6-46DD-BD31-826410A43ED9}"
EndProject
Project("{FAE04EC0-301F-11D3-BF4B-00C04F79EFBC}") = "NetCoreAPI.SharedLibrary", "NetCoreAPI.SharedLibrary\NetCoreAPI.SharedLibrary.csproj", "{DF3E7D59-2802-4798-9345-31F10FC56302}"
EndProject
Global
	GlobalSection(SolutionConfigurationPlatforms) = preSolution
		Debug|Any CPU = Debug|Any CPU
		Release|Any CPU = Release|Any CPU
	EndGlobalSection
	GlobalSection(ProjectConfigurationPlatforms) = postSolution
		{C7B0946A-E2CC-464A-872D-BD3F70CA1D5F}.Debug|Any CPU.ActiveCfg = Debug|Any CPU
		{C7B0946A-E2CC-464A-872D-BD3F70CA1D5F}.Debug|Any CPU.Build.0 = Debug|Any CPU
		{C7B0946A-E2CC-464A-872D-BD3F70CA1D5F}.Release|Any CPU.ActiveCfg = Release|Any CPU
		{C7B0946A-E2CC-464A-872D-BD3F70CA1D5F}.Release|Any CPU.Build.0 = Release|Any CPU
		{0070915E-E4D9-4F4D-A51B-88B6A067055C}.Debug|Any CPU.ActiveCfg = Debug|Any CPU
		{0070915E-E4D9-4F4D-A51B-88B6A067055C}.Debug|Any CPU.Build.0 = Debug|Any CPU
		{0070915E-E4D9-4F4D-A51B-88B6A067055C}.Release|Any CPU.ActiveCfg = Release|Any CPU
		{0070915E-E4D9-4F4D-A51B-88B6A067055C}.Release|Any CPU.Build.0 = Release|Any CPU
		{BEBEB31F-68C0-4A54-80FC-F2ECD9437CAA}.Debug|Any CPU.ActiveCfg = Debug|Any CPU
		{BEBEB31F-68C0-4A54-80FC-F2ECD9437CAA}.Debug|Any CPU.Build.0 = Debug|Any CPU
		{BEBEB31F-68C0-4A54-80FC-F2ECD9437CAA}.Release|Any CPU.ActiveCfg = Release|Any CPU
		{BEBEB31F-68C0-4A54-80FC-F2ECD9437CAA}.Release|Any CPU.Build.0 = Release|Any CPU
		{1349547F-70A8-43B4-BB96-B26019EDC824}.Debug|Any CPU.ActiveCfg = Debug|Any CPU
		{1349547F-70A8-43B4-BB96-B26019EDC824}.Debug|Any CPU.Build.0 = Debug|Any CPU
		{1349547F-70A8-43B4-BB96-B26019EDC824}.Release|Any CPU.ActiveCfg = Release|Any CPU
		{1349547F-70A8-43B4-BB96-B26019EDC824}.Release|Any CPU.Build.0 = Release|Any CPU
		{F3A2AE43-592C-4B1D-AFD8-25A35DB1DD7E}.Debug|Any CPU.ActiveCfg = Debug|Any CPU
		{F3A2AE43-592C-4B1D-AFD8-25A35DB1DD7E}.Debug|Any CPU.Build.0 = Debug|Any CPU
		{F3A2AE43-592C-4B1D-AFD8-25A35DB1DD7E}.Release|Any CPU.ActiveCfg = Release|Any CPU
		{F3A2AE43-592C-4B1D-AFD8-25A35DB1DD7E}.Release|Any CPU.Build.0 = Release|Any CPU
		{5C79DDA7-5F86-4604-A7B1-745B3A648374}.Debug|Any CPU.ActiveCfg = Debug|Any CPU
		{5C79DDA7-5F86-4604-A7B1-745B3A648374}.Debug|Any CPU.Build.0 = Debug|Any CPU
		{5C79DDA7-5F86-4604-A7B1-745B3A648374}.Release|Any CPU.ActiveCfg = Release|Any CPU
		{5C79DDA7-5F86-4604-A7B1-745B3A648374}.Release|Any CPU.Build.0 = Release|Any CPU
		{3737716E-6CE6-46DD-BD31-826410A43ED9}.Debug|Any CPU.ActiveCfg = Debug|Any CPU
		{3737716E-6CE6-46DD-BD31-826410A43ED9}.Debug|Any CPU.Build.0 = Debug|Any CPU
		{3737716E-6CE6-46DD-BD31-826410A43ED9}.Release|Any CPU.ActiveCfg = Release|Any CPU
		{3737716E-6CE6-46DD-BD31-826410A43ED9}.Release|Any CPU.Build.0 = Release|Any CPU
		{DF3E7D59-2802-4798-9345-31F10FC56302}.Debug|Any CPU.ActiveCfg = Debug|Any CPU
		{DF3E7D59-2802-4798-9345-31F10FC56302}.Debug|Any CPU.Build.0 = Debug|Any CPU
		{DF3E7D59-2802-4798-9345-31F10FC56302}.Release|Any CPU.ActiveCfg = Release|Any CPU
		{DF3E7D59-2802-4798-9345-31F10FC56302}.Release|Any CPU.Build.0 = Release|Any CPU
	EndGlobalSection
EndGlobal
